
Microsoft Visual Studio Solution File, Format Version 12.00
# Visual Studio Version 17
VisualStudioVersion = 17.14.36915.13 d17.14
MinimumVisualStudioVersion = 10.0.40219.1
Project("{FAE04EC0-301F-11D3-BF4B-00C04F79EFBC}") = "MiniAiAgent", "MiniAiAgent\MiniAiAgent.csproj", "{3558AFAB-67B0-4FF8-B92F-8F281F4FCDFD}"
EndProject
Global
	GlobalSection(SolutionConfigurationPlatforms) = preSolution
		Debug|Any CPU = Debug|Any CPU
		Release|Any CPU = Release|Any CPU
	EndGlobalSection
	GlobalSection(ProjectConfigurationPlatforms) = postSolution
		{3558AFAB-67B0-4FF8-B92F-8F281F4FCDFD}.Debug|Any CPU.ActiveCfg = Debug|Any CPU
		{3558AFAB-67B0-4FF8-B92F-8F281F4FCDFD}.Debug|Any CPU.Build.0 = Debug|Any CPU
		{3558AFAB-67B0-4FF8-B92F-8F281F4FCDFD}.Release|Any CPU.ActiveCfg = Release|Any CPU
		{3558AFAB-67B0-4FF8-B92F-8F281F4FCDFD}.Release|Any CPU.Build.0 = Release|Any CPU
	EndGlobalSection
	GlobalSection(SolutionProperties) = preSolution
		HideSolutionNode = FALSE
	EndGlobalSection
	GlobalSection(ExtensibilityGlobals) = postSolution
		SolutionGuid = {2F6FDF5B-AC60-43A1-9DDE-9E36F1782572}
	EndGlobalSection
EndGlobal
